
Microsoft Visual Studio Solution File, Format Version 12.00
# Visual Studio Version 16
VisualStudioVersion = 16.0.29020.237
MinimumVisualStudioVersion = 10.0.40219.1
Project("{9092AA53-FB77-4645-B42D-1CCCA6BD08BD}") = "IdiotVS", "IdiotVS.njsproj", "{D51592CE-4233-4D10-8E6A-C382997D0A52}"
EndProject
Global
	GlobalSection(SolutionConfigurationPlatforms) = preSolution
		Debug|Any CPU = Debug|Any CPU
		Release|Any CPU = Release|Any CPU
	EndGlobalSection
	GlobalSection(ProjectConfigurationPlatforms) = postSolution
		{D51592CE-4233-4D10-8E6A-C382997D0A52}.Debug|Any CPU.ActiveCfg = Debug|Any CPU
		{D51592CE-4233-4D10-8E6A-C382997D0A52}.Debug|Any CPU.Build.0 = Debug|Any CPU
		{D51592CE-4233-4D10-8E6A-C382997D0A52}.Release|Any CPU.ActiveCfg = Release|Any CPU
		{D51592CE-4233-4D10-8E6A-C382997D0A52}.Release|Any CPU.Build.0 = Release|Any CPU
	EndGlobalSection
	GlobalSection(SolutionProperties) = preSolution
		HideSolutionNode = FALSE
	EndGlobalSection
	GlobalSection(ExtensibilityGlobals) = postSolution
		SolutionGuid = {CAD71B9B-A2CA-431D-88F8-82D8D651E114}
	EndGlobalSection
EndGlobal
